
Microsoft Visual Studio Solution File, Format Version 11.00
# Visual Studio 2010
Project("{FAE04EC0-301F-11D3-BF4B-00C04F79EFBC}") = "DatabaseSchemaReader", "DatabaseSchemaReader\DatabaseSchemaReader.csproj", "{AA652F8E-0B96-484C-A146-C4183E4A0A25}"
EndProject
Project("{FAE04EC0-301F-11D3-BF4B-00C04F79EFBC}") = "DatabaseSchemaReaderTest", "DatabaseSchemaReaderTest\DatabaseSchemaReaderTest.csproj", "{7EF4F6B5-100C-432A-9858-C7F3FEC14F5C}"
EndProject
Project("{2150E333-8FDC-42A3-9474-1A3956D46DE8}") = "Solution Items", "Solution Items", "{415835CC-90CC-409B-808D-A3BC9F386D61}"
	ProjectSection(SolutionItems) = preProject
		DatabaseSchemaReader.vsmdi = DatabaseSchemaReader.vsmdi
		Local.testsettings = Local.testsettings
		TraceAndTestImpact.testsettings = TraceAndTestImpact.testsettings
	EndProjectSection
EndProject
Project("{2150E333-8FDC-42A3-9474-1A3956D46DE8}") = "Libs", "Libs", "{9E53BFA0-C4E6-4553-BE08-626EF681CFE8}"
EndProject
Project("{FAE04EC0-301F-11D3-BF4B-00C04F79EFBC}") = "DatabaseSchemaViewer", "DatabaseSchemaViewer\DatabaseSchemaViewer.csproj", "{7BE356E2-11FD-4570-8523-EF512D476797}"
EndProject
Project("{FAE04EC0-301F-11D3-BF4B-00C04F79EFBC}") = "CopyToSQLite", "CopyToSQLite\CopyToSQLite.csproj", "{CE4A50D0-62F7-49A4-B216-7DEB7EA57147}"
EndProject
Global
	GlobalSection(SubversionScc) = preSolution
		Svn-Managed = True
		Manager = AnkhSVN - Subversion Support for Visual Studio
	EndGlobalSection
	GlobalSection(TestCaseManagementSettings) = postSolution
		CategoryFile = DatabaseSchemaReader.vsmdi
	EndGlobalSection
	GlobalSection(SolutionConfigurationPlatforms) = preSolution
		Debug|Any CPU = Debug|Any CPU
		Debug|Mixed Platforms = Debug|Mixed Platforms
		Debug|x86 = Debug|x86
		Release|Any CPU = Release|Any CPU
		Release|Mixed Platforms = Release|Mixed Platforms
		Release|x86 = Release|x86
	EndGlobalSection
	GlobalSection(ProjectConfigurationPlatforms) = postSolution
		{AA652F8E-0B96-484C-A146-C4183E4A0A25}.Debug|Any CPU.ActiveCfg = Debug|Any CPU
		{AA652F8E-0B96-484C-A146-C4183E4A0A25}.Debug|Any CPU.Build.0 = Debug|Any CPU
		{AA652F8E-0B96-484C-A146-C4183E4A0A25}.Debug|Mixed Platforms.ActiveCfg = Debug|Any CPU
		{AA652F8E-0B96-484C-A146-C4183E4A0A25}.Debug|Mixed Platforms.Build.0 = Debug|Any CPU
		{AA652F8E-0B96-484C-A146-C4183E4A0A25}.Debug|x86.ActiveCfg = Debug|Any CPU
		{AA652F8E-0B96-484C-A146-C4183E4A0A25}.Release|Any CPU.ActiveCfg = Release|Any CPU
		{AA652F8E-0B96-484C-A146-C4183E4A0A25}.Release|Any CPU.Build.0 = Release|Any CPU
		{AA652F8E-0B96-484C-A146-C4183E4A0A25}.Release|Mixed Platforms.ActiveCfg = Release|Any CPU
		{AA652F8E-0B96-484C-A146-C4183E4A0A25}.Release|Mixed Platforms.Build.0 = Release|Any CPU
		{AA652F8E-0B96-484C-A146-C4183E4A0A25}.Release|x86.ActiveCfg = Release|Any CPU
		{7EF4F6B5-100C-432A-9858-C7F3FEC14F5C}.Debug|Any CPU.ActiveCfg = Debug|Any CPU
		{7EF4F6B5-100C-432A-9858-C7F3FEC14F5C}.Debug|Any CPU.Build.0 = Debug|Any CPU
		{7EF4F6B5-100C-432A-9858-C7F3FEC14F5C}.Debug|Mixed Platforms.ActiveCfg = Debug|Any CPU
		{7EF4F6B5-100C-432A-9858-C7F3FEC14F5C}.Debug|Mixed Platforms.Build.0 = Debug|Any CPU
		{7EF4F6B5-100C-432A-9858-C7F3FEC14F5C}.Debug|x86.ActiveCfg = Debug|Any CPU
		{7EF4F6B5-100C-432A-9858-C7F3FEC14F5C}.Release|Any CPU.ActiveCfg = Release|Any CPU
		{7EF4F6B5-100C-432A-9858-C7F3FEC14F5C}.Release|Any CPU.Build.0 = Release|Any CPU
		{7EF4F6B5-100C-432A-9858-C7F3FEC14F5C}.Release|Mixed Platforms.ActiveCfg = Release|Any CPU
		{7EF4F6B5-100C-432A-9858-C7F3FEC14F5C}.Release|Mixed Platforms.Build.0 = Release|Any CPU
		{7EF4F6B5-100C-432A-9858-C7F3FEC14F5C}.Release|x86.ActiveCfg = Release|Any CPU
		{7BE356E2-11FD-4570-8523-EF512D476797}.Debug|Any CPU.ActiveCfg = Debug|Any CPU
		{7BE356E2-11FD-4570-8523-EF512D476797}.Debug|Any CPU.Build.0 = Debug|Any CPU
		{7BE356E2-11FD-4570-8523-EF512D476797}.Debug|Mixed Platforms.ActiveCfg = Debug|Any CPU
		{7BE356E2-11FD-4570-8523-EF512D476797}.Debug|Mixed Platforms.Build.0 = Debug|Any CPU
		{7BE356E2-11FD-4570-8523-EF512D476797}.Debug|x86.ActiveCfg = Debug|Any CPU
		{7BE356E2-11FD-4570-8523-EF512D476797}.Release|Any CPU.ActiveCfg = Release|Any CPU
		{7BE356E2-11FD-4570-8523-EF512D476797}.Release|Any CPU.Build.0 = Release|Any CPU
		{7BE356E2-11FD-4570-8523-EF512D476797}.Release|Mixed Platforms.ActiveCfg = Release|Any CPU
		{7BE356E2-11FD-4570-8523-EF512D476797}.Release|Mixed Platforms.Build.0 = Release|Any CPU
		{7BE356E2-11FD-4570-8523-EF512D476797}.Release|x86.ActiveCfg = Release|Any CPU
		{CE4A50D0-62F7-49A4-B216-7DEB7EA57147}.Debug|Any CPU.ActiveCfg = Debug|x86
		{CE4A50D0-62F7-49A4-B216-7DEB7EA57147}.Debug|Any CPU.Build.0 = Debug|x86
		{CE4A50D0-62F7-49A4-B216-7DEB7EA57147}.Debug|Mixed Platforms.ActiveCfg = Debug|x86
		{CE4A50D0-62F7-49A4-B216-7DEB7EA57147}.Debug|Mixed Platforms.Build.0 = Debug|x86
		{CE4A50D0-62F7-49A4-B216-7DEB7EA57147}.Debug|x86.ActiveCfg = Debug|x86
		{CE4A50D0-62F7-49A4-B216-7DEB7EA57147}.Debug|x86.Build.0 = Debug|x86
		{CE4A50D0-62F7-49A4-B216-7DEB7EA57147}.Release|Any CPU.ActiveCfg = Release|x86
		{CE4A50D0-62F7-49A4-B216-7DEB7EA57147}.Release|Mixed Platforms.ActiveCfg = Release|x86
		{CE4A50D0-62F7-49A4-B216-7DEB7EA57147}.Release|Mixed Platforms.Build.0 = Release|x86
		{CE4A50D0-62F7-49A4-B216-7DEB7EA57147}.Release|x86.ActiveCfg = Release|x86
		{CE4A50D0-62F7-49A4-B216-7DEB7EA57147}.Release|x86.Build.0 = Release|x86
	EndGlobalSection
	GlobalSection(SolutionProperties) = preSolution
		HideSolutionNode = FALSE
	EndGlobalSection
	GlobalSection(NestedProjects) = preSolution
		{9E53BFA0-C4E6-4553-BE08-626EF681CFE8} = {415835CC-90CC-409B-808D-A3BC9F386D61}
	EndGlobalSection
EndGlobal
