
Microsoft Visual Studio Solution File, Format Version 12.00
# Visual Studio Version 16
VisualStudioVersion = 16.0.30225.117
MinimumVisualStudioVersion = 10.0.40219.1
Project("{9A19103F-16F7-4668-BE54-9A1E7A4F7556}") = "DatabaseSchemaReader", "DatabaseSchemaReader\DatabaseSchemaReader.csproj", "{8280AFB4-9066-4656-A80E-23B859E5299C}"
EndProject
Project("{9A19103F-16F7-4668-BE54-9A1E7A4F7556}") = "CoreTest", "CoreTest\CoreTest.csproj", "{2881C1CA-88FC-4635-8B48-C0F1170C39B7}"
EndProject
Project("{2150E333-8FDC-42A3-9474-1A3956D46DE8}") = "Solution Items", "Solution Items", "{A36496B0-0D4A-4D92-8AA4-CDD5755E629E}"
	ProjectSection(SolutionItems) = preProject
		global.json = global.json
	EndProjectSection
EndProject
Project("{FAE04EC0-301F-11D3-BF4B-00C04F79EFBC}") = "DatabaseSchemaReaderTest", "DatabaseSchemaReaderTest\DatabaseSchemaReaderTest.csproj", "{7EF4F6B5-100C-432A-9858-C7F3FEC14F5C}"
EndProject
Project("{FAE04EC0-301F-11D3-BF4B-00C04F79EFBC}") = "DatabaseSchemaViewer", "DatabaseSchemaViewer\DatabaseSchemaViewer.csproj", "{7BE356E2-11FD-4570-8523-EF512D476797}"
EndProject
Project("{FAE04EC0-301F-11D3-BF4B-00C04F79EFBC}") = "CopyToSQLite", "CopyToSQLite\CopyToSQLite.csproj", "{CE4A50D0-62F7-49A4-B216-7DEB7EA57147}"
EndProject
Global
	GlobalSection(SolutionConfigurationPlatforms) = preSolution
		Debug|Any CPU = Debug|Any CPU
		Debug|x86 = Debug|x86
		net35|Any CPU = net35|Any CPU
		net35|x86 = net35|x86
		Net4|Any CPU = Net4|Any CPU
		Net4|x86 = Net4|x86
		net45|Any CPU = net45|Any CPU
		net45|x86 = net45|x86
		Release|Any CPU = Release|Any CPU
		Release|x86 = Release|x86
	EndGlobalSection
	GlobalSection(ProjectConfigurationPlatforms) = postSolution
		{8280AFB4-9066-4656-A80E-23B859E5299C}.Debug|Any CPU.ActiveCfg = Debug|Any CPU
		{8280AFB4-9066-4656-A80E-23B859E5299C}.Debug|Any CPU.Build.0 = Debug|Any CPU
		{8280AFB4-9066-4656-A80E-23B859E5299C}.Debug|x86.ActiveCfg = Debug|Any CPU
		{8280AFB4-9066-4656-A80E-23B859E5299C}.Debug|x86.Build.0 = Debug|Any CPU
		{8280AFB4-9066-4656-A80E-23B859E5299C}.net35|Any CPU.ActiveCfg = Release|Any CPU
		{8280AFB4-9066-4656-A80E-23B859E5299C}.net35|Any CPU.Build.0 = Release|Any CPU
		{8280AFB4-9066-4656-A80E-23B859E5299C}.net35|x86.ActiveCfg = Release|Any CPU
		{8280AFB4-9066-4656-A80E-23B859E5299C}.net35|x86.Build.0 = Release|Any CPU
		{8280AFB4-9066-4656-A80E-23B859E5299C}.Net4|Any CPU.ActiveCfg = Release|Any CPU
		{8280AFB4-9066-4656-A80E-23B859E5299C}.Net4|Any CPU.Build.0 = Release|Any CPU
		{8280AFB4-9066-4656-A80E-23B859E5299C}.Net4|x86.ActiveCfg = Release|Any CPU
		{8280AFB4-9066-4656-A80E-23B859E5299C}.Net4|x86.Build.0 = Release|Any CPU
		{8280AFB4-9066-4656-A80E-23B859E5299C}.net45|Any CPU.ActiveCfg = Release|Any CPU
		{8280AFB4-9066-4656-A80E-23B859E5299C}.net45|Any CPU.Build.0 = Release|Any CPU
		{8280AFB4-9066-4656-A80E-23B859E5299C}.net45|x86.ActiveCfg = Release|Any CPU
		{8280AFB4-9066-4656-A80E-23B859E5299C}.net45|x86.Build.0 = Release|Any CPU
		{8280AFB4-9066-4656-A80E-23B859E5299C}.Release|Any CPU.ActiveCfg = Release|Any CPU
		{8280AFB4-9066-4656-A80E-23B859E5299C}.Release|Any CPU.Build.0 = Release|Any CPU
		{8280AFB4-9066-4656-A80E-23B859E5299C}.Release|x86.ActiveCfg = Release|Any CPU
		{8280AFB4-9066-4656-A80E-23B859E5299C}.Release|x86.Build.0 = Release|Any CPU
		{2881C1CA-88FC-4635-8B48-C0F1170C39B7}.Debug|Any CPU.ActiveCfg = Debug|Any CPU
		{2881C1CA-88FC-4635-8B48-C0F1170C39B7}.Debug|Any CPU.Build.0 = Debug|Any CPU
		{2881C1CA-88FC-4635-8B48-C0F1170C39B7}.Debug|x86.ActiveCfg = Debug|Any CPU
		{2881C1CA-88FC-4635-8B48-C0F1170C39B7}.Debug|x86.Build.0 = Debug|Any CPU
		{2881C1CA-88FC-4635-8B48-C0F1170C39B7}.net35|Any CPU.ActiveCfg = Release|Any CPU
		{2881C1CA-88FC-4635-8B48-C0F1170C39B7}.net35|Any CPU.Build.0 = Release|Any CPU
		{2881C1CA-88FC-4635-8B48-C0F1170C39B7}.net35|x86.ActiveCfg = Release|Any CPU
		{2881C1CA-88FC-4635-8B48-C0F1170C39B7}.net35|x86.Build.0 = Release|Any CPU
		{2881C1CA-88FC-4635-8B48-C0F1170C39B7}.Net4|Any CPU.ActiveCfg = Release|Any CPU
		{2881C1CA-88FC-4635-8B48-C0F1170C39B7}.Net4|Any CPU.Build.0 = Release|Any CPU
		{2881C1CA-88FC-4635-8B48-C0F1170C39B7}.Net4|x86.ActiveCfg = Release|Any CPU
		{2881C1CA-88FC-4635-8B48-C0F1170C39B7}.Net4|x86.Build.0 = Release|Any CPU
		{2881C1CA-88FC-4635-8B48-C0F1170C39B7}.net45|Any CPU.ActiveCfg = Release|Any CPU
		{2881C1CA-88FC-4635-8B48-C0F1170C39B7}.net45|Any CPU.Build.0 = Release|Any CPU
		{2881C1CA-88FC-4635-8B48-C0F1170C39B7}.net45|x86.ActiveCfg = Release|Any CPU
		{2881C1CA-88FC-4635-8B48-C0F1170C39B7}.net45|x86.Build.0 = Release|Any CPU
		{2881C1CA-88FC-4635-8B48-C0F1170C39B7}.Release|Any CPU.ActiveCfg = Release|Any CPU
		{2881C1CA-88FC-4635-8B48-C0F1170C39B7}.Release|Any CPU.Build.0 = Release|Any CPU
		{2881C1CA-88FC-4635-8B48-C0F1170C39B7}.Release|x86.ActiveCfg = Release|Any CPU
		{2881C1CA-88FC-4635-8B48-C0F1170C39B7}.Release|x86.Build.0 = Release|Any CPU
		{7EF4F6B5-100C-432A-9858-C7F3FEC14F5C}.Debug|Any CPU.ActiveCfg = Debug|Any CPU
		{7EF4F6B5-100C-432A-9858-C7F3FEC14F5C}.Debug|Any CPU.Build.0 = Debug|Any CPU
		{7EF4F6B5-100C-432A-9858-C7F3FEC14F5C}.Debug|x86.ActiveCfg = Debug|Any CPU
		{7EF4F6B5-100C-432A-9858-C7F3FEC14F5C}.Debug|x86.Build.0 = Debug|Any CPU
		{7EF4F6B5-100C-432A-9858-C7F3FEC14F5C}.net35|Any CPU.ActiveCfg = net45|Any CPU
		{7EF4F6B5-100C-432A-9858-C7F3FEC14F5C}.net35|Any CPU.Build.0 = net45|Any CPU
		{7EF4F6B5-100C-432A-9858-C7F3FEC14F5C}.net35|x86.ActiveCfg = net45|Any CPU
		{7EF4F6B5-100C-432A-9858-C7F3FEC14F5C}.net35|x86.Build.0 = net45|Any CPU
		{7EF4F6B5-100C-432A-9858-C7F3FEC14F5C}.Net4|Any CPU.ActiveCfg = net45|Any CPU
		{7EF4F6B5-100C-432A-9858-C7F3FEC14F5C}.Net4|Any CPU.Build.0 = net45|Any CPU
		{7EF4F6B5-100C-432A-9858-C7F3FEC14F5C}.Net4|x86.ActiveCfg = net45|Any CPU
		{7EF4F6B5-100C-432A-9858-C7F3FEC14F5C}.Net4|x86.Build.0 = net45|Any CPU
		{7EF4F6B5-100C-432A-9858-C7F3FEC14F5C}.net45|Any CPU.ActiveCfg = net45|Any CPU
		{7EF4F6B5-100C-432A-9858-C7F3FEC14F5C}.net45|Any CPU.Build.0 = net45|Any CPU
		{7EF4F6B5-100C-432A-9858-C7F3FEC14F5C}.net45|x86.ActiveCfg = net45|Any CPU
		{7EF4F6B5-100C-432A-9858-C7F3FEC14F5C}.net45|x86.Build.0 = net45|Any CPU
		{7EF4F6B5-100C-432A-9858-C7F3FEC14F5C}.Release|Any CPU.ActiveCfg = Release|Any CPU
		{7EF4F6B5-100C-432A-9858-C7F3FEC14F5C}.Release|Any CPU.Build.0 = Release|Any CPU
		{7EF4F6B5-100C-432A-9858-C7F3FEC14F5C}.Release|x86.ActiveCfg = Release|Any CPU
		{7EF4F6B5-100C-432A-9858-C7F3FEC14F5C}.Release|x86.Build.0 = Release|Any CPU
		{7BE356E2-11FD-4570-8523-EF512D476797}.Debug|Any CPU.ActiveCfg = Debug|Any CPU
		{7BE356E2-11FD-4570-8523-EF512D476797}.Debug|Any CPU.Build.0 = Debug|Any CPU
		{7BE356E2-11FD-4570-8523-EF512D476797}.Debug|x86.ActiveCfg = Debug|Any CPU
		{7BE356E2-11FD-4570-8523-EF512D476797}.Debug|x86.Build.0 = Debug|Any CPU
		{7BE356E2-11FD-4570-8523-EF512D476797}.net35|Any CPU.ActiveCfg = net35|Any CPU
		{7BE356E2-11FD-4570-8523-EF512D476797}.net35|Any CPU.Build.0 = net35|Any CPU
		{7BE356E2-11FD-4570-8523-EF512D476797}.net35|x86.ActiveCfg = net35|Any CPU
		{7BE356E2-11FD-4570-8523-EF512D476797}.net35|x86.Build.0 = net35|Any CPU
		{7BE356E2-11FD-4570-8523-EF512D476797}.Net4|Any CPU.ActiveCfg = Net4|Any CPU
		{7BE356E2-11FD-4570-8523-EF512D476797}.Net4|Any CPU.Build.0 = Net4|Any CPU
		{7BE356E2-11FD-4570-8523-EF512D476797}.Net4|x86.ActiveCfg = Net4|Any CPU
		{7BE356E2-11FD-4570-8523-EF512D476797}.Net4|x86.Build.0 = Net4|Any CPU
		{7BE356E2-11FD-4570-8523-EF512D476797}.net45|Any CPU.ActiveCfg = net45|Any CPU
		{7BE356E2-11FD-4570-8523-EF512D476797}.net45|Any CPU.Build.0 = net45|Any CPU
		{7BE356E2-11FD-4570-8523-EF512D476797}.net45|x86.ActiveCfg = net45|Any CPU
		{7BE356E2-11FD-4570-8523-EF512D476797}.net45|x86.Build.0 = net45|Any CPU
		{7BE356E2-11FD-4570-8523-EF512D476797}.Release|Any CPU.ActiveCfg = Release|Any CPU
		{7BE356E2-11FD-4570-8523-EF512D476797}.Release|Any CPU.Build.0 = Release|Any CPU
		{7BE356E2-11FD-4570-8523-EF512D476797}.Release|x86.ActiveCfg = Release|Any CPU
		{7BE356E2-11FD-4570-8523-EF512D476797}.Release|x86.Build.0 = Release|Any CPU
		{CE4A50D0-62F7-49A4-B216-7DEB7EA57147}.Debug|Any CPU.ActiveCfg = Debug|x86
		{CE4A50D0-62F7-49A4-B216-7DEB7EA57147}.Debug|x86.ActiveCfg = Debug|x86
		{CE4A50D0-62F7-49A4-B216-7DEB7EA57147}.Debug|x86.Build.0 = Debug|x86
		{CE4A50D0-62F7-49A4-B216-7DEB7EA57147}.net35|Any CPU.ActiveCfg = Release|x86
		{CE4A50D0-62F7-49A4-B216-7DEB7EA57147}.net35|Any CPU.Build.0 = Release|x86
		{CE4A50D0-62F7-49A4-B216-7DEB7EA57147}.net35|x86.ActiveCfg = net45|x86
		{CE4A50D0-62F7-49A4-B216-7DEB7EA57147}.net35|x86.Build.0 = net45|x86
		{CE4A50D0-62F7-49A4-B216-7DEB7EA57147}.Net4|Any CPU.ActiveCfg = net45|x86
		{CE4A50D0-62F7-49A4-B216-7DEB7EA57147}.Net4|Any CPU.Build.0 = net45|x86
		{CE4A50D0-62F7-49A4-B216-7DEB7EA57147}.Net4|x86.ActiveCfg = net45|x86
		{CE4A50D0-62F7-49A4-B216-7DEB7EA57147}.Net4|x86.Build.0 = net45|x86
		{CE4A50D0-62F7-49A4-B216-7DEB7EA57147}.net45|Any CPU.ActiveCfg = net45|x86
		{CE4A50D0-62F7-49A4-B216-7DEB7EA57147}.net45|x86.ActiveCfg = net45|x86
		{CE4A50D0-62F7-49A4-B216-7DEB7EA57147}.net45|x86.Build.0 = net45|x86
		{CE4A50D0-62F7-49A4-B216-7DEB7EA57147}.Release|Any CPU.ActiveCfg = Release|x86
		{CE4A50D0-62F7-49A4-B216-7DEB7EA57147}.Release|x86.ActiveCfg = Release|x86
		{CE4A50D0-62F7-49A4-B216-7DEB7EA57147}.Release|x86.Build.0 = Release|x86
	EndGlobalSection
	GlobalSection(SolutionProperties) = preSolution
		HideSolutionNode = FALSE
	EndGlobalSection
	GlobalSection(ExtensibilityGlobals) = postSolution
		SolutionGuid = {9D3E963B-CAE9-4937-86C7-E49C5DC2CDED}
	EndGlobalSection
EndGlobal
