
Microsoft Visual Studio Solution File, Format Version 12.00
# Visual Studio 14
VisualStudioVersion = 14.0.25420.1
# Visual Studio 15
VisualStudioVersion = 15.0.26228.4
MinimumVisualStudioVersion = 10.0.40219.1
Project("{9A19103F-16F7-4668-BE54-9A1E7A4F7556}") = "DatabaseSchemaReader", "DatabaseSchemaReader\DatabaseSchemaReader.csproj", "{8280AFB4-9066-4656-A80E-23B859E5299C}"
EndProject
Project("{9A19103F-16F7-4668-BE54-9A1E7A4F7556}") = "CoreTest", "CoreTest\CoreTest.csproj", "{2881C1CA-88FC-4635-8B48-C0F1170C39B7}"
EndProject
Project("{2150E333-8FDC-42A3-9474-1A3956D46DE8}") = "Solution Items", "Solution Items", "{A36496B0-0D4A-4D92-8AA4-CDD5755E629E}"
	ProjectSection(SolutionItems) = preProject
		global.json = global.json
	EndProjectSection
EndProject
Project("{FAE04EC0-301F-11D3-BF4B-00C04F79EFBC}") = "DatabaseSchemaReaderTest", "DatabaseSchemaReaderTest\DatabaseSchemaReaderTest.csproj", "{7EF4F6B5-100C-432A-9858-C7F3FEC14F5C}"
EndProject
Project("{FAE04EC0-301F-11D3-BF4B-00C04F79EFBC}") = "DatabaseSchemaViewer", "DatabaseSchemaViewer\DatabaseSchemaViewer.csproj", "{7BE356E2-11FD-4570-8523-EF512D476797}"
EndProject
Project("{FAE04EC0-301F-11D3-BF4B-00C04F79EFBC}") = "CopyToSQLite", "CopyToSQLite\CopyToSQLite.csproj", "{CE4A50D0-62F7-49A4-B216-7DEB7EA57147}"
EndProject
Project("{FAE04EC0-301F-11D3-BF4B-00C04F79EFBC}") = "SqlServerSchemaReader", "SqlServer\SqlServerSchemaReader\SqlServerSchemaReader.csproj", "{78A55FAD-A05E-4C77-BFC9-52C287273602}"
EndProject
Project("{2150E333-8FDC-42A3-9474-1A3956D46DE8}") = "SqlServer", "SqlServer", "{D1738AA4-8F3A-4CC4-992F-745DBF65A3B3}"
EndProject
Project("{FAE04EC0-301F-11D3-BF4B-00C04F79EFBC}") = "SqlServerSchemaReaderTest", "SqlServer\SqlServerSchemaReaderTest\SqlServerSchemaReaderTest.csproj", "{DB1E43E6-9766-4C2F-BA76-716512DD202E}"
EndProject
Global
	GlobalSection(SolutionConfigurationPlatforms) = preSolution
		Debug|Any CPU = Debug|Any CPU
		Debug|x86 = Debug|x86
		Net4|Any CPU = Net4|Any CPU
		Net4|x86 = Net4|x86
		net45|Any CPU = net45|Any CPU
		net45|x86 = net45|x86
		Release|Any CPU = Release|Any CPU
		Release|x86 = Release|x86
	EndGlobalSection
	GlobalSection(ProjectConfigurationPlatforms) = postSolution
		{8280AFB4-9066-4656-A80E-23B859E5299C}.Debug|Any CPU.ActiveCfg = Debug|Any CPU
		{8280AFB4-9066-4656-A80E-23B859E5299C}.Debug|Any CPU.Build.0 = Debug|Any CPU
		{8280AFB4-9066-4656-A80E-23B859E5299C}.Debug|x86.ActiveCfg = Debug|Any CPU
		{8280AFB4-9066-4656-A80E-23B859E5299C}.Debug|x86.Build.0 = Debug|Any CPU
		{8280AFB4-9066-4656-A80E-23B859E5299C}.Net4|Any CPU.ActiveCfg = Release|Any CPU
		{8280AFB4-9066-4656-A80E-23B859E5299C}.Net4|Any CPU.Build.0 = Release|Any CPU
		{8280AFB4-9066-4656-A80E-23B859E5299C}.Net4|x86.ActiveCfg = Release|Any CPU
		{8280AFB4-9066-4656-A80E-23B859E5299C}.Net4|x86.Build.0 = Release|Any CPU
		{8280AFB4-9066-4656-A80E-23B859E5299C}.net45|Any CPU.ActiveCfg = Release|Any CPU
		{8280AFB4-9066-4656-A80E-23B859E5299C}.net45|Any CPU.Build.0 = Release|Any CPU
		{8280AFB4-9066-4656-A80E-23B859E5299C}.net45|x86.ActiveCfg = Release|Any CPU
		{8280AFB4-9066-4656-A80E-23B859E5299C}.net45|x86.Build.0 = Release|Any CPU
		{8280AFB4-9066-4656-A80E-23B859E5299C}.Release|Any CPU.ActiveCfg = Release|Any CPU
		{8280AFB4-9066-4656-A80E-23B859E5299C}.Release|Any CPU.Build.0 = Release|Any CPU
		{8280AFB4-9066-4656-A80E-23B859E5299C}.Release|x86.ActiveCfg = Release|Any CPU
		{8280AFB4-9066-4656-A80E-23B859E5299C}.Release|x86.Build.0 = Release|Any CPU
		{2881C1CA-88FC-4635-8B48-C0F1170C39B7}.Debug|Any CPU.ActiveCfg = Debug|Any CPU
		{2881C1CA-88FC-4635-8B48-C0F1170C39B7}.Debug|Any CPU.Build.0 = Debug|Any CPU
		{2881C1CA-88FC-4635-8B48-C0F1170C39B7}.Debug|x86.ActiveCfg = Debug|Any CPU
		{2881C1CA-88FC-4635-8B48-C0F1170C39B7}.Debug|x86.Build.0 = Debug|Any CPU
		{2881C1CA-88FC-4635-8B48-C0F1170C39B7}.Net4|Any CPU.ActiveCfg = Release|Any CPU
		{2881C1CA-88FC-4635-8B48-C0F1170C39B7}.Net4|Any CPU.Build.0 = Release|Any CPU
		{2881C1CA-88FC-4635-8B48-C0F1170C39B7}.Net4|x86.ActiveCfg = Release|Any CPU
		{2881C1CA-88FC-4635-8B48-C0F1170C39B7}.Net4|x86.Build.0 = Release|Any CPU
		{2881C1CA-88FC-4635-8B48-C0F1170C39B7}.net45|Any CPU.ActiveCfg = Release|Any CPU
		{2881C1CA-88FC-4635-8B48-C0F1170C39B7}.net45|Any CPU.Build.0 = Release|Any CPU
		{2881C1CA-88FC-4635-8B48-C0F1170C39B7}.net45|x86.ActiveCfg = Release|Any CPU
		{2881C1CA-88FC-4635-8B48-C0F1170C39B7}.net45|x86.Build.0 = Release|Any CPU
		{2881C1CA-88FC-4635-8B48-C0F1170C39B7}.Release|Any CPU.ActiveCfg = Release|Any CPU
		{2881C1CA-88FC-4635-8B48-C0F1170C39B7}.Release|Any CPU.Build.0 = Release|Any CPU
		{2881C1CA-88FC-4635-8B48-C0F1170C39B7}.Release|x86.ActiveCfg = Release|Any CPU
		{2881C1CA-88FC-4635-8B48-C0F1170C39B7}.Release|x86.Build.0 = Release|Any CPU
		{7EF4F6B5-100C-432A-9858-C7F3FEC14F5C}.Debug|Any CPU.ActiveCfg = Debug|Any CPU
		{7EF4F6B5-100C-432A-9858-C7F3FEC14F5C}.Debug|Any CPU.Build.0 = Debug|Any CPU
		{7EF4F6B5-100C-432A-9858-C7F3FEC14F5C}.Debug|x86.ActiveCfg = Debug|Any CPU
		{7EF4F6B5-100C-432A-9858-C7F3FEC14F5C}.Debug|x86.Build.0 = Debug|Any CPU
		{7EF4F6B5-100C-432A-9858-C7F3FEC14F5C}.Net4|Any CPU.ActiveCfg = net45|Any CPU
		{7EF4F6B5-100C-432A-9858-C7F3FEC14F5C}.Net4|Any CPU.Build.0 = net45|Any CPU
		{7EF4F6B5-100C-432A-9858-C7F3FEC14F5C}.Net4|x86.ActiveCfg = net45|Any CPU
		{7EF4F6B5-100C-432A-9858-C7F3FEC14F5C}.Net4|x86.Build.0 = net45|Any CPU
		{7EF4F6B5-100C-432A-9858-C7F3FEC14F5C}.net45|Any CPU.ActiveCfg = net45|Any CPU
		{7EF4F6B5-100C-432A-9858-C7F3FEC14F5C}.net45|Any CPU.Build.0 = net45|Any CPU
		{7EF4F6B5-100C-432A-9858-C7F3FEC14F5C}.net45|x86.ActiveCfg = net45|Any CPU
		{7EF4F6B5-100C-432A-9858-C7F3FEC14F5C}.net45|x86.Build.0 = net45|Any CPU
		{7EF4F6B5-100C-432A-9858-C7F3FEC14F5C}.Release|Any CPU.ActiveCfg = Release|Any CPU
		{7EF4F6B5-100C-432A-9858-C7F3FEC14F5C}.Release|Any CPU.Build.0 = Release|Any CPU
		{7EF4F6B5-100C-432A-9858-C7F3FEC14F5C}.Release|x86.ActiveCfg = Release|Any CPU
		{7EF4F6B5-100C-432A-9858-C7F3FEC14F5C}.Release|x86.Build.0 = Release|Any CPU
		{7BE356E2-11FD-4570-8523-EF512D476797}.Debug|Any CPU.ActiveCfg = Debug|Any CPU
		{7BE356E2-11FD-4570-8523-EF512D476797}.Debug|Any CPU.Build.0 = Debug|Any CPU
		{7BE356E2-11FD-4570-8523-EF512D476797}.Debug|x86.ActiveCfg = Debug|Any CPU
		{7BE356E2-11FD-4570-8523-EF512D476797}.Debug|x86.Build.0 = Debug|Any CPU
		{7BE356E2-11FD-4570-8523-EF512D476797}.Net4|Any CPU.ActiveCfg = Net4|Any CPU
		{7BE356E2-11FD-4570-8523-EF512D476797}.Net4|Any CPU.Build.0 = Net4|Any CPU
		{7BE356E2-11FD-4570-8523-EF512D476797}.Net4|x86.ActiveCfg = Net4|Any CPU
		{7BE356E2-11FD-4570-8523-EF512D476797}.Net4|x86.Build.0 = Net4|Any CPU
		{7BE356E2-11FD-4570-8523-EF512D476797}.net45|Any CPU.ActiveCfg = net45|Any CPU
		{7BE356E2-11FD-4570-8523-EF512D476797}.net45|Any CPU.Build.0 = net45|Any CPU
		{7BE356E2-11FD-4570-8523-EF512D476797}.net45|x86.ActiveCfg = net45|Any CPU
		{7BE356E2-11FD-4570-8523-EF512D476797}.net45|x86.Build.0 = net45|Any CPU
		{7BE356E2-11FD-4570-8523-EF512D476797}.Release|Any CPU.ActiveCfg = Release|Any CPU
		{7BE356E2-11FD-4570-8523-EF512D476797}.Release|Any CPU.Build.0 = Release|Any CPU
		{7BE356E2-11FD-4570-8523-EF512D476797}.Release|x86.ActiveCfg = Release|Any CPU
		{7BE356E2-11FD-4570-8523-EF512D476797}.Release|x86.Build.0 = Release|Any CPU
		{CE4A50D0-62F7-49A4-B216-7DEB7EA57147}.Debug|Any CPU.ActiveCfg = Debug|x86
		{CE4A50D0-62F7-49A4-B216-7DEB7EA57147}.Debug|x86.ActiveCfg = Debug|x86
		{CE4A50D0-62F7-49A4-B216-7DEB7EA57147}.Debug|x86.Build.0 = Debug|x86
		{CE4A50D0-62F7-49A4-B216-7DEB7EA57147}.Net4|Any CPU.ActiveCfg = net45|x86
		{CE4A50D0-62F7-49A4-B216-7DEB7EA57147}.Net4|Any CPU.Build.0 = net45|x86
		{CE4A50D0-62F7-49A4-B216-7DEB7EA57147}.Net4|x86.ActiveCfg = net45|x86
		{CE4A50D0-62F7-49A4-B216-7DEB7EA57147}.Net4|x86.Build.0 = net45|x86
		{CE4A50D0-62F7-49A4-B216-7DEB7EA57147}.net45|Any CPU.ActiveCfg = net45|x86
		{CE4A50D0-62F7-49A4-B216-7DEB7EA57147}.net45|x86.ActiveCfg = net45|x86
		{CE4A50D0-62F7-49A4-B216-7DEB7EA57147}.net45|x86.Build.0 = net45|x86
		{CE4A50D0-62F7-49A4-B216-7DEB7EA57147}.Release|Any CPU.ActiveCfg = Release|x86
		{CE4A50D0-62F7-49A4-B216-7DEB7EA57147}.Release|x86.ActiveCfg = Release|x86
		{CE4A50D0-62F7-49A4-B216-7DEB7EA57147}.Release|x86.Build.0 = Release|x86
		{78A55FAD-A05E-4C77-BFC9-52C287273602}.Debug|Any CPU.ActiveCfg = Debug|Any CPU
		{78A55FAD-A05E-4C77-BFC9-52C287273602}.Debug|Any CPU.Build.0 = Debug|Any CPU
		{78A55FAD-A05E-4C77-BFC9-52C287273602}.Debug|Mixed Platforms.ActiveCfg = Debug|Any CPU
		{78A55FAD-A05E-4C77-BFC9-52C287273602}.Debug|Mixed Platforms.Build.0 = Debug|Any CPU
		{78A55FAD-A05E-4C77-BFC9-52C287273602}.Debug|x86.ActiveCfg = Debug|Any CPU
		{78A55FAD-A05E-4C77-BFC9-52C287273602}.Debug|x86.Build.0 = Debug|Any CPU
		{78A55FAD-A05E-4C77-BFC9-52C287273602}.net45|Any CPU.ActiveCfg = Release|Any CPU
		{78A55FAD-A05E-4C77-BFC9-52C287273602}.net45|Any CPU.Build.0 = Release|Any CPU
		{78A55FAD-A05E-4C77-BFC9-52C287273602}.net45|Mixed Platforms.ActiveCfg = Release|Any CPU
		{78A55FAD-A05E-4C77-BFC9-52C287273602}.net45|Mixed Platforms.Build.0 = Release|Any CPU
		{78A55FAD-A05E-4C77-BFC9-52C287273602}.net45|x86.ActiveCfg = Release|Any CPU
		{78A55FAD-A05E-4C77-BFC9-52C287273602}.net45|x86.Build.0 = Release|Any CPU
		{78A55FAD-A05E-4C77-BFC9-52C287273602}.Release|Any CPU.ActiveCfg = Release|Any CPU
		{78A55FAD-A05E-4C77-BFC9-52C287273602}.Release|Any CPU.Build.0 = Release|Any CPU
		{78A55FAD-A05E-4C77-BFC9-52C287273602}.Release|Mixed Platforms.ActiveCfg = Release|Any CPU
		{78A55FAD-A05E-4C77-BFC9-52C287273602}.Release|Mixed Platforms.Build.0 = Release|Any CPU
		{78A55FAD-A05E-4C77-BFC9-52C287273602}.Release|x86.ActiveCfg = Release|Any CPU
		{78A55FAD-A05E-4C77-BFC9-52C287273602}.Release|x86.Build.0 = Release|Any CPU
		{DB1E43E6-9766-4C2F-BA76-716512DD202E}.Debug|Any CPU.ActiveCfg = Debug|Any CPU
		{DB1E43E6-9766-4C2F-BA76-716512DD202E}.Debug|Any CPU.Build.0 = Debug|Any CPU
		{DB1E43E6-9766-4C2F-BA76-716512DD202E}.Debug|Mixed Platforms.ActiveCfg = Debug|Any CPU
		{DB1E43E6-9766-4C2F-BA76-716512DD202E}.Debug|Mixed Platforms.Build.0 = Debug|Any CPU
		{DB1E43E6-9766-4C2F-BA76-716512DD202E}.Debug|x86.ActiveCfg = Debug|Any CPU
		{DB1E43E6-9766-4C2F-BA76-716512DD202E}.Debug|x86.Build.0 = Debug|Any CPU
		{DB1E43E6-9766-4C2F-BA76-716512DD202E}.net45|Any CPU.ActiveCfg = Release|Any CPU
		{DB1E43E6-9766-4C2F-BA76-716512DD202E}.net45|Any CPU.Build.0 = Release|Any CPU
		{DB1E43E6-9766-4C2F-BA76-716512DD202E}.net45|Mixed Platforms.ActiveCfg = Release|Any CPU
		{DB1E43E6-9766-4C2F-BA76-716512DD202E}.net45|Mixed Platforms.Build.0 = Release|Any CPU
		{DB1E43E6-9766-4C2F-BA76-716512DD202E}.net45|x86.ActiveCfg = Release|Any CPU
		{DB1E43E6-9766-4C2F-BA76-716512DD202E}.net45|x86.Build.0 = Release|Any CPU
		{DB1E43E6-9766-4C2F-BA76-716512DD202E}.Release|Any CPU.ActiveCfg = Release|Any CPU
		{DB1E43E6-9766-4C2F-BA76-716512DD202E}.Release|Any CPU.Build.0 = Release|Any CPU
		{DB1E43E6-9766-4C2F-BA76-716512DD202E}.Release|Mixed Platforms.ActiveCfg = Release|Any CPU
		{DB1E43E6-9766-4C2F-BA76-716512DD202E}.Release|Mixed Platforms.Build.0 = Release|Any CPU
		{DB1E43E6-9766-4C2F-BA76-716512DD202E}.Release|x86.ActiveCfg = Release|Any CPU
		{DB1E43E6-9766-4C2F-BA76-716512DD202E}.Release|x86.Build.0 = Release|Any CPU
	EndGlobalSection
	GlobalSection(SolutionProperties) = preSolution
		HideSolutionNode = FALSE
	EndGlobalSection
	GlobalSection(NestedProjects) = preSolution
		{9E53BFA0-C4E6-4553-BE08-626EF681CFE8} = {415835CC-90CC-409B-808D-A3BC9F386D61}
		{78A55FAD-A05E-4C77-BFC9-52C287273602} = {D1738AA4-8F3A-4CC4-992F-745DBF65A3B3}
		{DB1E43E6-9766-4C2F-BA76-716512DD202E} = {D1738AA4-8F3A-4CC4-992F-745DBF65A3B3}
	EndGlobalSection
	GlobalSection(TestCaseManagementSettings) = postSolution
		CategoryFile = DatabaseSchemaReader.vsmdi
	EndGlobalSection
EndGlobal
