
Microsoft Visual Studio Solution File, Format Version 10.00
# Visual Studio 2008
Project("{FAE04EC0-301F-11D3-BF4B-00C04F79EFBC}") = "DatabaseSchemaReader2008", "..\DatabaseSchemaReader\DatabaseSchemaReader2008.csproj", "{2C5936AA-BA13-451A-A67C-F7B567FF535B}"
EndProject
Project("{FAE04EC0-301F-11D3-BF4B-00C04F79EFBC}") = "DatabaseSchemaReaderTest2008", "..\DatabaseSchemaReaderTest\DatabaseSchemaReaderTest2008.csproj", "{1114FF99-4A7A-4369-9C38-18FCECF773A3}"
EndProject
Project("{2150E333-8FDC-42A3-9474-1A3956D46DE8}") = "Solution Items", "Solution Items", "{8F5373F7-8822-435F-A191-145A39F5A9AF}"
	ProjectSection(SolutionItems) = preProject
		DatabaseSchemaReader.vsmdi = DatabaseSchemaReader.vsmdi
		LocalTestRun.testrunconfig = LocalTestRun.testrunconfig
	EndProjectSection
EndProject
Project("{FAE04EC0-301F-11D3-BF4B-00C04F79EFBC}") = "DatabaseSchemaViewer2008", "..\DatabaseSchemaViewer\DatabaseSchemaViewer2008.csproj", "{7BE356E2-11FD-4570-8523-EF512D476797}"
EndProject
Global
	GlobalSection(TestCaseManagementSettings) = postSolution
		CategoryFile = DatabaseSchemaReader.vsmdi
	EndGlobalSection
	GlobalSection(SolutionConfigurationPlatforms) = preSolution
		Debug|Any CPU = Debug|Any CPU
		Release|Any CPU = Release|Any CPU
	EndGlobalSection
	GlobalSection(ProjectConfigurationPlatforms) = postSolution
		{2C5936AA-BA13-451A-A67C-F7B567FF535B}.Debug|Any CPU.ActiveCfg = Debug|Any CPU
		{2C5936AA-BA13-451A-A67C-F7B567FF535B}.Debug|Any CPU.Build.0 = Debug|Any CPU
		{2C5936AA-BA13-451A-A67C-F7B567FF535B}.Release|Any CPU.ActiveCfg = Release|Any CPU
		{2C5936AA-BA13-451A-A67C-F7B567FF535B}.Release|Any CPU.Build.0 = Release|Any CPU
		{1114FF99-4A7A-4369-9C38-18FCECF773A3}.Debug|Any CPU.ActiveCfg = Debug|Any CPU
		{1114FF99-4A7A-4369-9C38-18FCECF773A3}.Debug|Any CPU.Build.0 = Debug|Any CPU
		{1114FF99-4A7A-4369-9C38-18FCECF773A3}.Release|Any CPU.ActiveCfg = Release|Any CPU
		{1114FF99-4A7A-4369-9C38-18FCECF773A3}.Release|Any CPU.Build.0 = Release|Any CPU
		{7BE356E2-11FD-4570-8523-EF512D476797}.Debug|Any CPU.ActiveCfg = Debug|Any CPU
		{7BE356E2-11FD-4570-8523-EF512D476797}.Debug|Any CPU.Build.0 = Debug|Any CPU
		{7BE356E2-11FD-4570-8523-EF512D476797}.Release|Any CPU.ActiveCfg = Release|Any CPU
		{7BE356E2-11FD-4570-8523-EF512D476797}.Release|Any CPU.Build.0 = Release|Any CPU
	EndGlobalSection
	GlobalSection(SolutionProperties) = preSolution
		HideSolutionNode = FALSE
	EndGlobalSection
EndGlobal
